
Microsoft Visual Studio Solution File, Format Version 12.00
# Visual Studio Version 17
VisualStudioVersion = 17.2.32602.215
MinimumVisualStudioVersion = 10.0.40219.1
Project("{8BC9CEB8-8B4A-11D0-8D11-00A0C91BC942}") = "CPP_Study", "CPP_Study\CPP_Study.vcxproj", "{289BA07C-C516-4DD1-8331-B546EDA7023F}"
EndProject
Project("{8BC9CEB8-8B4A-11D0-8D11-00A0C91BC942}") = "Algorithm", "Algorithm\Algorithm.vcxproj", "{2A277E49-F0B1-401A-B8D8-27E678469779}"
EndProject
Project("{8BC9CEB8-8B4A-11D0-8D11-00A0C91BC942}") = "Maze", "Maze\Maze.vcxproj", "{6A38DC3E-8D42-4661-8852-6135BEB206B5}"
EndProject
Project("{8BC9CEB8-8B4A-11D0-8D11-00A0C91BC942}") = "CodingTestStudy", "CodingTestStudy\CodingTestStudy.vcxproj", "{FF98E0AF-72F2-4591-B0EA-875677658F82}"
EndProject
Global
	GlobalSection(SolutionConfigurationPlatforms) = preSolution
		Debug|x64 = Debug|x64
		Debug|x86 = Debug|x86
		Release|x64 = Release|x64
		Release|x86 = Release|x86
	EndGlobalSection
	GlobalSection(ProjectConfigurationPlatforms) = postSolution
		{289BA07C-C516-4DD1-8331-B546EDA7023F}.Debug|x64.ActiveCfg = Debug|x64
		{289BA07C-C516-4DD1-8331-B546EDA7023F}.Debug|x64.Build.0 = Debug|x64
		{289BA07C-C516-4DD1-8331-B546EDA7023F}.Debug|x86.ActiveCfg = Debug|Win32
		{289BA07C-C516-4DD1-8331-B546EDA7023F}.Debug|x86.Build.0 = Debug|Win32
		{289BA07C-C516-4DD1-8331-B546EDA7023F}.Release|x64.ActiveCfg = Release|x64
		{289BA07C-C516-4DD1-8331-B546EDA7023F}.Release|x64.Build.0 = Release|x64
		{289BA07C-C516-4DD1-8331-B546EDA7023F}.Release|x86.ActiveCfg = Release|Win32
		{289BA07C-C516-4DD1-8331-B546EDA7023F}.Release|x86.Build.0 = Release|Win32
		{2A277E49-F0B1-401A-B8D8-27E678469779}.Debug|x64.ActiveCfg = Debug|x64
		{2A277E49-F0B1-401A-B8D8-27E678469779}.Debug|x64.Build.0 = Debug|x64
		{2A277E49-F0B1-401A-B8D8-27E678469779}.Debug|x86.ActiveCfg = Debug|Win32
		{2A277E49-F0B1-401A-B8D8-27E678469779}.Debug|x86.Build.0 = Debug|Win32
		{2A277E49-F0B1-401A-B8D8-27E678469779}.Release|x64.ActiveCfg = Release|x64
		{2A277E49-F0B1-401A-B8D8-27E678469779}.Release|x64.Build.0 = Release|x64
		{2A277E49-F0B1-401A-B8D8-27E678469779}.Release|x86.ActiveCfg = Release|Win32
		{2A277E49-F0B1-401A-B8D8-27E678469779}.Release|x86.Build.0 = Release|Win32
		{6A38DC3E-8D42-4661-8852-6135BEB206B5}.Debug|x64.ActiveCfg = Debug|x64
		{6A38DC3E-8D42-4661-8852-6135BEB206B5}.Debug|x64.Build.0 = Debug|x64
		{6A38DC3E-8D42-4661-8852-6135BEB206B5}.Debug|x86.ActiveCfg = Debug|Win32
		{6A38DC3E-8D42-4661-8852-6135BEB206B5}.Debug|x86.Build.0 = Debug|Win32
		{6A38DC3E-8D42-4661-8852-6135BEB206B5}.Release|x64.ActiveCfg = Release|x64
		{6A38DC3E-8D42-4661-8852-6135BEB206B5}.Release|x64.Build.0 = Release|x64
		{6A38DC3E-8D42-4661-8852-6135BEB206B5}.Release|x86.ActiveCfg = Release|Win32
		{6A38DC3E-8D42-4661-8852-6135BEB206B5}.Release|x86.Build.0 = Release|Win32
		{FF98E0AF-72F2-4591-B0EA-875677658F82}.Debug|x64.ActiveCfg = Debug|x64
		{FF98E0AF-72F2-4591-B0EA-875677658F82}.Debug|x64.Build.0 = Debug|x64
		{FF98E0AF-72F2-4591-B0EA-875677658F82}.Debug|x86.ActiveCfg = Debug|Win32
		{FF98E0AF-72F2-4591-B0EA-875677658F82}.Debug|x86.Build.0 = Debug|Win32
		{FF98E0AF-72F2-4591-B0EA-875677658F82}.Release|x64.ActiveCfg = Release|x64
		{FF98E0AF-72F2-4591-B0EA-875677658F82}.Release|x64.Build.0 = Release|x64
		{FF98E0AF-72F2-4591-B0EA-875677658F82}.Release|x86.ActiveCfg = Release|Win32
		{FF98E0AF-72F2-4591-B0EA-875677658F82}.Release|x86.Build.0 = Release|Win32
	EndGlobalSection
	GlobalSection(SolutionProperties) = preSolution
		HideSolutionNode = FALSE
	EndGlobalSection
	GlobalSection(ExtensibilityGlobals) = postSolution
		SolutionGuid = {F9B205BB-12EE-42A7-B4A8-80BAA77176F2}
	EndGlobalSection
EndGlobal
