
Microsoft Visual Studio Solution File, Format Version 12.00
# Visual Studio Version 17
VisualStudioVersion = 17.6.33723.286
MinimumVisualStudioVersion = 10.0.40219.1
Project("{FAE04EC0-301F-11D3-BF4B-00C04F79EFBC}") = "Server", "Server\Server.csproj", "{B93D948C-606B-4746-B1A1-31A04661B360}"
EndProject
Global
	GlobalSection(SolutionConfigurationPlatforms) = preSolution
		Debug|Any CPU = Debug|Any CPU
		Release|Any CPU = Release|Any CPU
	EndGlobalSection
	GlobalSection(ProjectConfigurationPlatforms) = postSolution
		{B93D948C-606B-4746-B1A1-31A04661B360}.Debug|Any CPU.ActiveCfg = Debug|Any CPU
		{B93D948C-606B-4746-B1A1-31A04661B360}.Debug|Any CPU.Build.0 = Debug|Any CPU
		{B93D948C-606B-4746-B1A1-31A04661B360}.Release|Any CPU.ActiveCfg = Release|Any CPU
		{B93D948C-606B-4746-B1A1-31A04661B360}.Release|Any CPU.Build.0 = Release|Any CPU
	EndGlobalSection
	GlobalSection(SolutionProperties) = preSolution
		HideSolutionNode = FALSE
	EndGlobalSection
	GlobalSection(ExtensibilityGlobals) = postSolution
		SolutionGuid = {1749534B-28E8-4DA7-ADB2-4F59B025B28C}
	EndGlobalSection
EndGlobal
